
Microsoft Visual Studio Solution File, Format Version 12.00
# Visual Studio Version 17
VisualStudioVersion = 17.0.32014.148
MinimumVisualStudioVersion = 10.0.40219.1
Project("{888888A0-9F3D-457C-B088-3A5042F75D52}") = "BIANRY SEARCH TREE2", "BIANRY SEARCH TREE2\BIANRY SEARCH TREE2.pyproj", "{B19D41EB-FC9F-4300-832E-239CBCF94A42}"
EndProject
Global
	GlobalSection(SolutionConfigurationPlatforms) = preSolution
		Debug|Any CPU = Debug|Any CPU
		Release|Any CPU = Release|Any CPU
	EndGlobalSection
	GlobalSection(ProjectConfigurationPlatforms) = postSolution
		{B19D41EB-FC9F-4300-832E-239CBCF94A42}.Debug|Any CPU.ActiveCfg = Debug|Any CPU
		{B19D41EB-FC9F-4300-832E-239CBCF94A42}.Release|Any CPU.ActiveCfg = Release|Any CPU
	EndGlobalSection
	GlobalSection(SolutionProperties) = preSolution
		HideSolutionNode = FALSE
	EndGlobalSection
	GlobalSection(ExtensibilityGlobals) = postSolution
		SolutionGuid = {DAAA4C73-A81C-449E-B840-84F278059E93}
	EndGlobalSection
EndGlobal
